
Microsoft Visual Studio Solution File, Format Version 12.00
# Visual Studio Version 17
VisualStudioVersion = 17.14.37012.4 d17.14
MinimumVisualStudioVersion = 10.0.40219.1
Project("{8BC9CEB8-8B4A-11D0-8D11-00A0C91BC942}") = "A20260327", "A20260327.vcxproj", "{0C9650E5-ADAC-460D-8E0A-8E8023F365FA}"
EndProject
Global
	GlobalSection(SolutionConfigurationPlatforms) = preSolution
		Debug|x64 = Debug|x64
		Debug|x86 = Debug|x86
		Release|x64 = Release|x64
		Release|x86 = Release|x86
	EndGlobalSection
	GlobalSection(ProjectConfigurationPlatforms) = postSolution
		{0C9650E5-ADAC-460D-8E0A-8E8023F365FA}.Debug|x64.ActiveCfg = Debug|x64
		{0C9650E5-ADAC-460D-8E0A-8E8023F365FA}.Debug|x64.Build.0 = Debug|x64
		{0C9650E5-ADAC-460D-8E0A-8E8023F365FA}.Debug|x86.ActiveCfg = Debug|Win32
		{0C9650E5-ADAC-460D-8E0A-8E8023F365FA}.Debug|x86.Build.0 = Debug|Win32
		{0C9650E5-ADAC-460D-8E0A-8E8023F365FA}.Release|x64.ActiveCfg = Release|x64
		{0C9650E5-ADAC-460D-8E0A-8E8023F365FA}.Release|x64.Build.0 = Release|x64
		{0C9650E5-ADAC-460D-8E0A-8E8023F365FA}.Release|x86.ActiveCfg = Release|Win32
		{0C9650E5-ADAC-460D-8E0A-8E8023F365FA}.Release|x86.Build.0 = Release|Win32
	EndGlobalSection
	GlobalSection(SolutionProperties) = preSolution
		HideSolutionNode = FALSE
	EndGlobalSection
	GlobalSection(ExtensibilityGlobals) = postSolution
		SolutionGuid = {6168907F-1346-4EED-B169-9E0C9CAFDF4D}
	EndGlobalSection
EndGlobal
